# THIS IS AN AUTOGENERATED FILE. DO NOT EDIT THIS FILE DIRECTLY.
# yarn lockfile v1


"@types/node@^15.0.3":
  version "15.0.3"
  resolved "https://registry.yarnpkg.com/@types/node/-/node-15.0.3.tgz#ee09fcaac513576474c327da5818d421b98db88a"
  integrity sha512-/WbxFeBU+0F79z9RdEOXH4CsDga+ibi5M8uEYr91u3CkT/pdWcV8MCook+4wDPnZBexRdwWS+PiVZ2xJviAzcQ==

rxjs@^7.0.1:
  version "7.0.1"
  resolved "https://registry.yarnpkg.com/rxjs/-/rxjs-7.0.1.tgz#5f41c4f991cea550471fc5d215727390103702c7"
  integrity sha512-wViQ4Vgps1xJwqWIBooMNN44usCSthL7wCUl4qWqrVjhGfWyVyXcxlYzfDKkJKACQvZMTOft/jJ3RkbwK1j9QQ==
  dependencies:
    tslib "~2.1.0"

tslib@~2.1.0:
  version "2.1.0"
  resolved "https://registry.yarnpkg.com/tslib/-/tslib-2.1.0.tgz#da60860f1c2ecaa5703ab7d39bc05b6bf988b97a"
  integrity sha512-hcVC3wYEziELGGmEEXue7D75zbwIIVUMWAVbHItGPx0ziyXxrOMQx4rQEVEV45Ut/1IotuEvwqPopzIOkDMf0A==
